{
  "nodes": {
    "nixpkgs": {
      "locked": {
        "lastModified": 1673134516,
        "narHash": "sha256-mAZQKqkNQbBmJnmUU0blOfkKlgMSSVyPHdeWeuKad8U=",
        "owner": "NixOS",
        "repo": "nixpkgs",
        "rev": "f6f44561884c3470e2b783683d5dbac42dfc833b",
        "type": "github"
      },
      "original": {
        "owner": "NixOS",
        "ref": "nixos-unstable",
        "repo": "nixpkgs",
        "type": "github"
      }
    },
    "root": {
      "inputs": {
        "nixpkgs": "nixpkgs"
      }
    }
  },
  "root": "root",
  "version": 7
}
