{
  "nodes": {
    "nixpkgs": {
      "locked": {
        "lastModified": 1639347265,
        "narHash": "sha256-q5feWoC64+h6T6J89o2HJJ8DOnB/4vwMODBlZIgeIlA=",
        "owner": "NixOS",
        "repo": "nixpkgs",
        "rev": "b0bf5f888d377dd2f36d90340df6dc9f035aaada",
        "type": "github"
      },
      "original": {
        "owner": "NixOS",
        "ref": "nixos-unstable",
        "repo": "nixpkgs",
        "type": "github"
      }
    },
    "root": {
      "inputs": {
        "nixpkgs": "nixpkgs"
      }
    }
  },
  "root": "root",
  "version": 7
}
