# This file is automatically @generated by Cargo.
# It is not intended for manual editing.
version = 3

[[package]]
name = "anyhow"
version = "1.0.66"
source = "registry+https://github.com/rust-lang/crates.io-index"
checksum = "216261ddc8289130e551ddcd5ce8a064710c0d064a4d2895c67151c92b5443f6"

[[package]]
name = "xflags"
version = "0.3.1"
source = "registry+https://github.com/rust-lang/crates.io-index"
checksum = "c4554b580522d0ca238369c16b8f6ce34524d61dafe7244993754bbd05f2c2ea"
dependencies = [
 "xflags-macros",
]

[[package]]
name = "xflags-macros"
version = "0.3.1"
source = "registry+https://github.com/rust-lang/crates.io-index"
checksum = "f58e7b3ca8977093aae6b87b6a7730216fc4c53a6530bab5c43a783cd810c1a8"

[[package]]
name = "xshell"
version = "0.2.2"
source = "registry+https://github.com/rust-lang/crates.io-index"
checksum = "6d47097dc5c85234b1e41851b3422dd6d19b3befdd35b4ae5ce386724aeca981"
dependencies = [
 "xshell-macros",
]

[[package]]
name = "xshell-macros"
version = "0.2.2"
source = "registry+https://github.com/rust-lang/crates.io-index"
checksum = "88301b56c26dd9bf5c43d858538f82d6f3f7764767defbc5d34e59459901c41a"

[[package]]
name = "xtool"
version = "0.0.0"
dependencies = [
 "anyhow",
 "xflags",
 "xshell",
]
