# This file is automatically @generated by Cargo.
# It is not intended for manual editing.
version = 3

[[package]]
name = "anyhow"
version = "1.0.91"
source = "registry+https://github.com/rust-lang/crates.io-index"
checksum = "c042108f3ed77fd83760a5fd79b53be043192bb3b9dba91d8c574c0ada7850c8"

[[package]]
name = "config"
version = "0.0.0"
dependencies = [
 "anyhow",
 "xflags",
 "xshell",
]

[[package]]
name = "xflags"
version = "0.3.2"
source = "registry+https://github.com/rust-lang/crates.io-index"
checksum = "7d9e15fbb3de55454b0106e314b28e671279009b363e6f1d8e39fdc3bf048944"
dependencies = [
 "xflags-macros",
]

[[package]]
name = "xflags-macros"
version = "0.3.2"
source = "registry+https://github.com/rust-lang/crates.io-index"
checksum = "672423d4fea7ffa2f6c25ba60031ea13dc6258070556f125cc4d790007d4a155"

[[package]]
name = "xshell"
version = "0.3.0-pre.2"
source = "registry+https://github.com/rust-lang/crates.io-index"
checksum = "3e6192cff94a7552e329df8c2c6f00371f107eb6e8c970f9948879216d7c46fe"
dependencies = [
 "xshell-macros",
]

[[package]]
name = "xshell-macros"
version = "0.3.0-pre.2"
source = "registry+https://github.com/rust-lang/crates.io-index"
checksum = "3259fc1522c6f4915b1cc3b52dff32a88069ba979b2513fe8ee6a058670dd5dc"
