# This file is automatically @generated by Cargo.
# It is not intended for manual editing.
version = 3

[[package]]
name = "anyhow"
version = "1.0.75"
source = "registry+https://github.com/rust-lang/crates.io-index"
checksum = "a4668cab20f66d8d020e1fbc0ebe47217433c1b6c8f2040faf858554e394ace6"

[[package]]
name = "gg"
version = "0.1.0"
dependencies = [
 "anyhow",
 "xflags",
 "xshell",
]

[[package]]
name = "xflags"
version = "0.4.0-pre.1"
source = "registry+https://github.com/rust-lang/crates.io-index"
checksum = "4697c0db52cfb7277cf997ed334c92c739fafc7c5d44a948a906a5bf4b41a63f"
dependencies = [
 "xflags-macros",
]

[[package]]
name = "xflags-macros"
version = "0.4.0-pre.1"
source = "registry+https://github.com/rust-lang/crates.io-index"
checksum = "94d18ac1a136311770ed587356f8a828c9b86261f68761f34e6cdc6d5b4c435c"

[[package]]
name = "xshell"
version = "0.3.0-pre.2"
source = "registry+https://github.com/rust-lang/crates.io-index"
checksum = "3e6192cff94a7552e329df8c2c6f00371f107eb6e8c970f9948879216d7c46fe"
dependencies = [
 "xshell-macros",
]

[[package]]
name = "xshell-macros"
version = "0.3.0-pre.2"
source = "registry+https://github.com/rust-lang/crates.io-index"
checksum = "3259fc1522c6f4915b1cc3b52dff32a88069ba979b2513fe8ee6a058670dd5dc"
