# This file is automatically @generated by Cargo.
# It is not intended for manual editing.
version = 3

[[package]]
name = "anyhow"
version = "1.0.43"
source = "registry+https://github.com/rust-lang/crates.io-index"
checksum = "28ae2b3dec75a406790005a200b1bd89785afc02517a00ca99ecfe093ee9e6cf"

[[package]]
name = "tool"
version = "0.0.0"
dependencies = [
 "anyhow",
 "xshell",
]

[[package]]
name = "xshell"
version = "0.1.16"
source = "registry+https://github.com/rust-lang/crates.io-index"
checksum = "dcc47d6a9db1f97357618b5aa56663e95d6c301de1375fb1600b3751efb6d71d"
dependencies = [
 "xshell-macros",
]

[[package]]
name = "xshell-macros"
version = "0.1.16"
source = "registry+https://github.com/rust-lang/crates.io-index"
checksum = "13f15c1ec8cbed82f14a7528640132f93b43542cf038a88a8802aedaf6b88d8f"
