# This file is automatically @generated by Cargo.
# It is not intended for manual editing.
version = 3

[[package]]
name = "anyhow"
version = "1.0.43"
source = "registry+https://github.com/rust-lang/crates.io-index"
checksum = "28ae2b3dec75a406790005a200b1bd89785afc02517a00ca99ecfe093ee9e6cf"

[[package]]
name = "tool"
version = "0.0.0"
dependencies = [
 "anyhow",
 "xflags",
 "xshell",
]

[[package]]
name = "xflags"
version = "0.3.0-pre.1"
source = "registry+https://github.com/rust-lang/crates.io-index"
checksum = "c367d37fea98ecd5e255b9ae0fbbb26325732bbb16ced56c925c3a4135a1f3d6"
dependencies = [
 "xflags-macros",
]

[[package]]
name = "xflags-macros"
version = "0.3.0-pre.1"
source = "registry+https://github.com/rust-lang/crates.io-index"
checksum = "84b672790240fa81a6b0ffc354f2145ab0b5a791c377c9b71697706cf8113bff"

[[package]]
name = "xshell"
version = "0.2.1"
source = "registry+https://github.com/rust-lang/crates.io-index"
checksum = "4884417669886d3abff14feec797179526ade713f212e54ec08b19bc6bdc86aa"
dependencies = [
 "xshell-macros",
]

[[package]]
name = "xshell-macros"
version = "0.2.1"
source = "registry+https://github.com/rust-lang/crates.io-index"
checksum = "37d92065701c3611323f96eac5475b995421fc7eb2bcba1336cdd80b9b2fb68f"
